
Microsoft Visual Studio Solution File, Format Version 12.00
# Visual Studio Version 17
VisualStudioVersion = 17.0.31903.59
MinimumVisualStudioVersion = 10.0.40219.1
Project("{FAE04EC0-301F-11D3-BF4B-00C04F79EFBC}") = "Example.LibraryItem", "Example.LibraryItem\Example.LibraryItem.csproj", "{12ABA3C7-9F39-4510-BC72-A3429144F48B}"
EndProject
Project("{FAE04EC0-301F-11D3-BF4B-00C04F79EFBC}") = "Example.LibraryItem.Tests", "Example.LibraryItem.Tests\Example.LibraryItem.Tests.csproj", "{D3C2C37F-6A33-4C0B-8A76-0E3C58F7E4B1}"
EndProject
Global
	GlobalSection(SolutionConfigurationPlatforms) = preSolution
		Debug|Any CPU = Debug|Any CPU
		Release|Any CPU = Release|Any CPU
	EndGlobalSection
	GlobalSection(SolutionProperties) = preSolution
		HideSolutionNode = FALSE
	EndGlobalSection
	GlobalSection(ProjectConfigurationPlatforms) = postSolution
		{12ABA3C7-9F39-4510-BC72-A3429144F48B}.Debug|Any CPU.ActiveCfg = Debug|Any CPU
		{12ABA3C7-9F39-4510-BC72-A3429144F48B}.Debug|Any CPU.Build.0 = Debug|Any CPU
		{12ABA3C7-9F39-4510-BC72-A3429144F48B}.Release|Any CPU.ActiveCfg = Release|Any CPU
		{12ABA3C7-9F39-4510-BC72-A3429144F48B}.Release|Any CPU.Build.0 = Release|Any CPU
		{D3C2C37F-6A33-4C0B-8A76-0E3C58F7E4B1}.Debug|Any CPU.ActiveCfg = Debug|Any CPU
		{D3C2C37F-6A33-4C0B-8A76-0E3C58F7E4B1}.Debug|Any CPU.Build.0 = Debug|Any CPU
		{D3C2C37F-6A33-4C0B-8A76-0E3C58F7E4B1}.Release|Any CPU.ActiveCfg = Release|Any CPU
		{D3C2C37F-6A33-4C0B-8A76-0E3C58F7E4B1}.Release|Any CPU.Build.0 = Release|Any CPU
	EndGlobalSection
EndGlobal
